PODS:
  - Alamofire (1.1.4)
  - AZSClient (0.2.6)

DEPENDENCIES:
  - Alamofire (= 1.1.4)
  - AZSClient

SPEC REPOS:
  trunk:
    - Alamofire
    - AZSClient

SPEC CHECKSUMS:
  Alamofire: 6a2cbaebe78a6d469bc55ee37f0a24ba22af76ac
  AZSClient: efd576cabf56f97e38cb1b614739f4b0c1906392

PODFILE CHECKSUM: 105f0303c9e2a186bebdfc5cfc63bd9bfd065412

COCOAPODS: 1.11.3
